
Microsoft Visual Studio Solution File, Format Version 12.00
# Visual Studio Version 16
VisualStudioVersion = 16.0.29920.165
MinimumVisualStudioVersion = 10.0.40219.1
Project("{FAE04EC0-301F-11D3-BF4B-00C04F79EFBC}") = "RockPaperScissorsConsole", "RockPaperScissorsConsole\RockPaperScissorsConsole.csproj", "{F176FF09-910E-42DC-9F8C-5A9BF93DB666}"
EndProject
Global
	GlobalSection(SolutionConfigurationPlatforms) = preSolution
		Debug|Any CPU = Debug|Any CPU
		Release|Any CPU = Release|Any CPU
	EndGlobalSection
	GlobalSection(ProjectConfigurationPlatforms) = postSolution
		{F176FF09-910E-42DC-9F8C-5A9BF93DB666}.Debug|Any CPU.ActiveCfg = Debug|Any CPU
		{F176FF09-910E-42DC-9F8C-5A9BF93DB666}.Debug|Any CPU.Build.0 = Debug|Any CPU
		{F176FF09-910E-42DC-9F8C-5A9BF93DB666}.Release|Any CPU.ActiveCfg = Release|Any CPU
		{F176FF09-910E-42DC-9F8C-5A9BF93DB666}.Release|Any CPU.Build.0 = Release|Any CPU
	EndGlobalSection
	GlobalSection(SolutionProperties) = preSolution
		HideSolutionNode = FALSE
	EndGlobalSection
	GlobalSection(ExtensibilityGlobals) = postSolution
		SolutionGuid = {C0B3F235-CA38-4F32-96DE-C5C46E34B2FE}
	EndGlobalSection
EndGlobal
